
Microsoft Visual Studio Solution File, Format Version 12.00
# Visual Studio Version 17
VisualStudioVersion = 17.14.36429.23
MinimumVisualStudioVersion = 10.0.40219.1
Project("{FAE04EC0-301F-11D3-BF4B-00C04F79EFBC}") = "RugbyPlayerQuiz", "RugbyPlayerQuiz.csproj", "{50A90C67-7642-402F-8DE3-1D553540795D}"
EndProject
Global
	GlobalSection(SolutionConfigurationPlatforms) = preSolution
		Debug|Any CPU = Debug|Any CPU
		Release|Any CPU = Release|Any CPU
	EndGlobalSection
	GlobalSection(ProjectConfigurationPlatforms) = postSolution
		{50A90C67-7642-402F-8DE3-1D553540795D}.Debug|Any CPU.ActiveCfg = Debug|Any CPU
		{50A90C67-7642-402F-8DE3-1D553540795D}.Debug|Any CPU.Build.0 = Debug|Any CPU
		{50A90C67-7642-402F-8DE3-1D553540795D}.Debug|Any CPU.Deploy.0 = Debug|Any CPU
		{50A90C67-7642-402F-8DE3-1D553540795D}.Release|Any CPU.ActiveCfg = Release|Any CPU
		{50A90C67-7642-402F-8DE3-1D553540795D}.Release|Any CPU.Build.0 = Release|Any CPU
		{50A90C67-7642-402F-8DE3-1D553540795D}.Release|Any CPU.Deploy.0 = Release|Any CPU
	EndGlobalSection
	GlobalSection(SolutionProperties) = preSolution
		HideSolutionNode = FALSE
	EndGlobalSection
	GlobalSection(ExtensibilityGlobals) = postSolution
		SolutionGuid = {F84B0142-73CC-48F1-969A-57CF413B8E94}
	EndGlobalSection
EndGlobal
